<?xml version="1.0" encoding="utf-8"?>
<Project ToolsVersion="4.0" xmlns="http://schemas.microsoft.com/developer/msbuild/2003">
  <ItemGroup>
    <Filter Include="Source Files">
      <UniqueIdentifier>{4FC737F1-C7A5-4376-A066-2A32D752A2FF}</UniqueIdentifier>
      <Extensions>cpp;c;cc;cxx;def;odl;idl;hpj;bat;asm;asmx</Extensions>
    </Filter>
    <Filter Include="Header Files">
      <UniqueIdentifier>{93995380-89BD-4b04-88EB-625FBE52EBFB}</UniqueIdentifier>
      <Extensions>h;hh;hpp;hxx;hm;inl;inc;xsd</Extensions>
    </Filter>
    <Filter Include="Resource Files">
      <UniqueIdentifier>{67DA6AB6-F800-4c08-8B7A-83BB121AAD01}</UniqueIdentifier>
      <Extensions>rc;ico;cur;bmp;dlg;rc2;rct;bin;rgs;gif;jpg;jpeg;jpe;resx;tiff;tif;png;wav;mfcribbon-ms</Extensions>
    </Filter>
    <Filter Include="Source Files\Testing">
      <UniqueIdentifier>{4dd00b03-79a3-439c-8e79-767a43ae93d2}</UniqueIdentifier>
    </Filter>
    <Filter Include="Header Files\Math">
      <UniqueIdentifier>{97787988-1d1a-4ffd-a84f-847ba36d962f}</UniqueIdentifier>
    </Filter>
    <Filter Include="Source Files\Math">
      <UniqueIdentifier>{c3693bd7-0a90-4043-8b73-acf23c2618fb}</UniqueIdentifier>
    </Filter>
    <Filter Include="Header Files\Collections">
      <UniqueIdentifier>{ca99e857-5c19-4080-a66f-5303bcdebcf0}</UniqueIdentifier>
    </Filter>
    <Filter Include="Source Files\Collections">
      <UniqueIdentifier>{13a09d3f-d878-400d-8034-8df9559800fc}</UniqueIdentifier>
    </Filter>
    <Filter Include="Header Files\Collections\Generic">
      <UniqueIdentifier>{09dd363c-7d9c-4df4-88c6-d5d03544983c}</UniqueIdentifier>
    </Filter>
  </ItemGroup>
  <ItemGroup>
    <ClCompile Include="Main.cpp">
      <Filter>Source Files</Filter>
    </ClCompile>
    <ClCompile Include="TestCollections.cpp">
      <Filter>Source Files\Testing</Filter>
    </ClCompile>
    <ClCompile Include="MathFuncsLibTester.cpp">
      <Filter>Source Files\Testing</Filter>
    </ClCompile>
    <ClCompile Include="TestGenericCollections.cpp">
      <Filter>Source Files\Testing</Filter>
    </ClCompile>
    <ClCompile Include="TestVectors.cpp">
      <Filter>Source Files\Testing</Filter>
    </ClCompile>
    <ClCompile Include="Collections\DL_List.cpp">
      <Filter>Source Files\Collections</Filter>
    </ClCompile>
    <ClCompile Include="Collections\LinkedList.cpp">
      <Filter>Source Files\Collections</Filter>
    </ClCompile>
    <ClCompile Include="Collections\LQueue.cpp">
      <Filter>Source Files\Collections</Filter>
    </ClCompile>
    <ClCompile Include="Collections\LStack.cpp">
      <Filter>Source Files\Collections</Filter>
    </ClCompile>
    <ClCompile Include="Collections\Queue.cpp">
      <Filter>Source Files\Collections</Filter>
    </ClCompile>
    <ClCompile Include="Collections\Stack.cpp">
      <Filter>Source Files\Collections</Filter>
    </ClCompile>
    <ClCompile Include="Collections\tree.cpp">
      <Filter>Source Files\Collections</Filter>
    </ClCompile>
    <ClCompile Include="Collections\CL_List.cpp">
      <Filter>Source Files\Collections</Filter>
    </ClCompile>
    <ClCompile Include="Math\MathFuncsLib.cpp">
      <Filter>Source Files\Math</Filter>
    </ClCompile>
    <ClCompile Include="Math\Vector3.cpp">
      <Filter>Source Files\Math</Filter>
    </ClCompile>
  </ItemGroup>
  <ItemGroup>
    <ClInclude Include="Catch.hpp">
      <Filter>Header Files</Filter>
    </ClInclude>
    <ClInclude Include="Collections\CL_List.h">
      <Filter>Header Files\Collections</Filter>
    </ClInclude>
    <ClInclude Include="Collections\DL_List.h">
      <Filter>Header Files\Collections</Filter>
    </ClInclude>
    <ClInclude Include="Collections\LinkedList.h">
      <Filter>Header Files\Collections</Filter>
    </ClInclude>
    <ClInclude Include="Collections\LQueue.h">
      <Filter>Header Files\Collections</Filter>
    </ClInclude>
    <ClInclude Include="Collections\LStack.h">
      <Filter>Header Files\Collections</Filter>
    </ClInclude>
    <ClInclude Include="Collections\Queue.h">
      <Filter>Header Files\Collections</Filter>
    </ClInclude>
    <ClInclude Include="Collections\Stack.h">
      <Filter>Header Files\Collections</Filter>
    </ClInclude>
    <ClInclude Include="Collections\tree.h">
      <Filter>Header Files\Collections</Filter>
    </ClInclude>
    <ClInclude Include="Collections\Generic\GenericRingBuffer.h">
      <Filter>Header Files\Collections\Generic</Filter>
    </ClInclude>
    <ClInclude Include="Collections\Generic\GenericStack.h">
      <Filter>Header Files\Collections\Generic</Filter>
    </ClInclude>
    <ClInclude Include="Math\MathFuncsLib.h">
      <Filter>Header Files\Math</Filter>
    </ClInclude>
    <ClInclude Include="Math\Vector3.h">
      <Filter>Header Files\Math</Filter>
    </ClInclude>
  </ItemGroup>
</Project>